// !$*UTF8*$!
{
	archiveVersion = 1;
	classes = {
	};
	objectVersion = 46;
	objects = {

/* Begin PBXBuildFile section */
		640754AC16D4010500CEECBC /* UIKit.framework in Frameworks */ = {isa = PBXBuildFile; fileRef = 640754AB16D4010500CEECBC /* UIKit.framework */; };
		640754AE16D4010500CEECBC /* Foundation.framework in Frameworks */ = {isa = PBXBuildFile; fileRef = 640754AD16D4010500CEECBC /* Foundation.framework */; };
		640754B016D4010500CEECBC /* CoreGraphics.framework in Frameworks */ = {isa = PBXBuildFile; fileRef = 640754AF16D4010500CEECBC /* CoreGraphics.framework */; };
		640754B616D4010500CEECBC /* InfoPlist.strings in Resources */ = {isa = PBXBuildFile; fileRef = 640754B416D4010500CEECBC /* InfoPlist.strings */; };
		640754B816D4010500CEECBC /* main.m in Sources */ = {isa = PBXBuildFile; fileRef = 640754B716D4010500CEECBC /* main.m */; };
		640754BC16D4010500CEECBC /* AppDelegate.m in Sources */ = {isa = PBXBuildFile; fileRef = 640754BB16D4010500CEECBC /* AppDelegate.m */; };
		640754BE16D4010500CEECBC /* Default.png in Resources */ = {isa = PBXBuildFile; fileRef = 640754BD16D4010500CEECBC /* Default.png */; };
		640754C016D4010500CEECBC /* Default@2x.png in Resources */ = {isa = PBXBuildFile; fileRef = 640754BF16D4010500CEECBC /* Default@2x.png */; };
		640754C216D4010500CEECBC /* Default-568h@2x.png in Resources */ = {isa = PBXBuildFile; fileRef = 640754C116D4010500CEECBC /* Default-568h@2x.png */; };
		640754C516D4010500CEECBC /* MainStoryboard.storyboard in Resources */ = {isa = PBXBuildFile; fileRef = 640754C316D4010500CEECBC /* MainStoryboard.storyboard */; };
		640754D316D4099F00CEECBC /* vwLogo.png in Resources */ = {isa = PBXBuildFile; fileRef = 640754D016D4099F00CEECBC /* vwLogo.png */; };
		640754D416D4099F00CEECBC /* appBackgroundWithLogo.png in Resources */ = {isa = PBXBuildFile; fileRef = 640754D116D4099F00CEECBC /* appBackgroundWithLogo.png */; };
		640754D516D4099F00CEECBC /* appBackground.png in Resources */ = {isa = PBXBuildFile; fileRef = 640754D216D4099F00CEECBC /* appBackground.png */; };
		640754D716D409C900CEECBC /* Default-Landscape~ipad.png in Resources */ = {isa = PBXBuildFile; fileRef = 640754D616D409C900CEECBC /* Default-Landscape~ipad.png */; };
		640754DB16D40BCE00CEECBC /* icon.png in Resources */ = {isa = PBXBuildFile; fileRef = 640754DA16D40BCE00CEECBC /* icon.png */; };
		640754DF16D40DCE00CEECBC /* HomeVC.m in Sources */ = {isa = PBXBuildFile; fileRef = 640754DE16D40DCE00CEECBC /* HomeVC.m */; };
		640754E216D41A8000CEECBC /* MapVC.m in Sources */ = {isa = PBXBuildFile; fileRef = 640754E116D41A8000CEECBC /* MapVC.m */; };
		640754E416D41EA500CEECBC /* vwLogo_100x.png in Resources */ = {isa = PBXBuildFile; fileRef = 640754E316D41EA500CEECBC /* vwLogo_100x.png */; };
/* End PBXBuildFile section */

/* Begin PBXFileReference section */
		640754A816D4010500CEECBC /* CarDashboard.app */ = {isa = PBXFileReference; explicitFileType = wrapper.application; includeInIndex = 0; path = CarDashboard.app; sourceTree = BUILT_PRODUCTS_DIR; };
		640754AB16D4010500CEECBC /* UIKit.framework */ = {isa = PBXFileReference; lastKnownFileType = wrapper.framework; name = UIKit.framework; path = System/Library/Frameworks/UIKit.framework; sourceTree = SDKROOT; };
		640754AD16D4010500CEECBC /* Foundation.framework */ = {isa = PBXFileReference; lastKnownFileType = wrapper.framework; name = Foundation.framework; path = System/Library/Frameworks/Foundation.framework; sourceTree = SDKROOT; };
		640754AF16D4010500CEECBC /* CoreGraphics.framework */ = {isa = PBXFileReference; lastKnownFileType = wrapper.framework; name = CoreGraphics.framework; path = System/Library/Frameworks/CoreGraphics.framework; sourceTree = SDKROOT; };
		640754B316D4010500CEECBC /* CarDashboard-Info.plist */ = {isa = PBXFileReference; lastKnownFileType = text.plist.xml; path = "CarDashboard-Info.plist"; sourceTree = "<group>"; };
		640754B516D4010500CEECBC /* en */ = {isa = PBXFileReference; lastKnownFileType = text.plist.strings; name = en; path = en.lproj/InfoPlist.strings; sourceTree = "<group>"; };
		640754B716D4010500CEECBC /* main.m */ = {isa = PBXFileReference; lastKnownFileType = sourcecode.c.objc; path = main.m; sourceTree = "<group>"; };
		640754B916D4010500CEECBC /* CarDashboard-Prefix.pch */ = {isa = PBXFileReference; lastKnownFileType = sourcecode.c.h; path = "CarDashboard-Prefix.pch"; sourceTree = "<group>"; };
		640754BA16D4010500CEECBC /* AppDelegate.h */ = {isa = PBXFileReference; lastKnownFileType = sourcecode.c.h; path = AppDelegate.h; sourceTree = "<group>"; };
		640754BB16D4010500CEECBC /* AppDelegate.m */ = {isa = PBXFileReference; lastKnownFileType = sourcecode.c.objc; path = AppDelegate.m; sourceTree = "<group>"; };
		640754BD16D4010500CEECBC /* Default.png */ = {isa = PBXFileReference; lastKnownFileType = image.png; path = Default.png; sourceTree = "<group>"; };
		640754BF16D4010500CEECBC /* Default@2x.png */ = {isa = PBXFileReference; lastKnownFileType = image.png; path = "Default@2x.png"; sourceTree = "<group>"; };
		640754C116D4010500CEECBC /* Default-568h@2x.png */ = {isa = PBXFileReference; lastKnownFileType = image.png; path = "Default-568h@2x.png"; sourceTree = "<group>"; };
		640754C416D4010500CEECBC /* en */ = {isa = PBXFileReference; lastKnownFileType = file.storyboard; name = en; path = en.lproj/MainStoryboard.storyboard; sourceTree = "<group>"; };
		640754D016D4099F00CEECBC /* vwLogo.png */ = {isa = PBXFileReference; lastKnownFileType = image.png; name = vwLogo.png; path = CarDashboard/Images/vwLogo.png; sourceTree = "<group>"; };
		640754D116D4099F00CEECBC /* appBackgroundWithLogo.png */ = {isa = PBXFileReference; lastKnownFileType = image.png; name = appBackgroundWithLogo.png; path = CarDashboard/Images/appBackgroundWithLogo.png; sourceTree = "<group>"; };
		640754D216D4099F00CEECBC /* appBackground.png */ = {isa = PBXFileReference; lastKnownFileType = image.png; name = appBackground.png; path = CarDashboard/Images/appBackground.png; sourceTree = "<group>"; };
		640754D616D409C900CEECBC /* Default-Landscape~ipad.png */ = {isa = PBXFileReference; lastKnownFileType = image.png; path = "Default-Landscape~ipad.png"; sourceTree = "<group>"; };
		640754DA16D40BCE00CEECBC /* icon.png */ = {isa = PBXFileReference; lastKnownFileType = image.png; path = icon.png; sourceTree = "<group>"; };
		640754DD16D40DCE00CEECBC /* HomeVC.h */ = {isa = PBXFileReference; fileEncoding = 4; lastKnownFileType = sourcecode.c.h; path = HomeVC.h; sourceTree = "<group>"; };
		640754DE16D40DCE00CEECBC /* HomeVC.m */ = {isa = PBXFileReference; fileEncoding = 4; lastKnownFileType = sourcecode.c.objc; path = HomeVC.m; sourceTree = "<group>"; };
		640754E016D41A8000CEECBC /* MapVC.h */ = {isa = PBXFileReference; fileEncoding = 4; lastKnownFileType = sourcecode.c.h; path = MapVC.h; sourceTree = "<group>"; };
		640754E116D41A8000CEECBC /* MapVC.m */ = {isa = PBXFileReference; fileEncoding = 4; lastKnownFileType = sourcecode.c.objc; path = MapVC.m; sourceTree = "<group>"; };
		640754E316D41EA500CEECBC /* vwLogo_100x.png */ = {isa = PBXFileReference; lastKnownFileType = image.png; name = vwLogo_100x.png; path = CarDashboard/Images/vwLogo_100x.png; sourceTree = "<group>"; };
/* End PBXFileReference section */

/* Begin PBXFrameworksBuildPhase section */
		640754A516D4010500CEECBC /* Frameworks */ = {
			isa = PBXFrameworksBuildPhase;
			buildActionMask = 2147483647;
			files = (
				640754AC16D4010500CEECBC /* UIKit.framework in Frameworks */,
				640754AE16D4010500CEECBC /* Foundation.framework in Frameworks */,
				640754B016D4010500CEECBC /* CoreGraphics.framework in Frameworks */,
			);
			runOnlyForDeploymentPostprocessing = 0;
		};
/* End PBXFrameworksBuildPhase section */

/* Begin PBXGroup section */
		6407549F16D4010500CEECBC = {
			isa = PBXGroup;
			children = (
				640754B116D4010500CEECBC /* CarDashboard */,
				640754AA16D4010500CEECBC /* Frameworks */,
				640754A916D4010500CEECBC /* Products */,
			);
			sourceTree = "<group>";
		};
		640754A916D4010500CEECBC /* Products */ = {
			isa = PBXGroup;
			children = (
				640754A816D4010500CEECBC /* CarDashboard.app */,
			);
			name = Products;
			sourceTree = "<group>";
		};
		640754AA16D4010500CEECBC /* Frameworks */ = {
			isa = PBXGroup;
			children = (
				640754AB16D4010500CEECBC /* UIKit.framework */,
				640754AD16D4010500CEECBC /* Foundation.framework */,
				640754AF16D4010500CEECBC /* CoreGraphics.framework */,
			);
			name = Frameworks;
			sourceTree = "<group>";
		};
		640754B116D4010500CEECBC /* CarDashboard */ = {
			isa = PBXGroup;
			children = (
				640754DC16D40DBB00CEECBC /* ViewControllers */,
				640754CE16D4098C00CEECBC /* Ressources */,
				640754BA16D4010500CEECBC /* AppDelegate.h */,
				640754BB16D4010500CEECBC /* AppDelegate.m */,
				640754C316D4010500CEECBC /* MainStoryboard.storyboard */,
				640754B216D4010500CEECBC /* Supporting Files */,
			);
			path = CarDashboard;
			sourceTree = "<group>";
		};
		640754B216D4010500CEECBC /* Supporting Files */ = {
			isa = PBXGroup;
			children = (
				640754B316D4010500CEECBC /* CarDashboard-Info.plist */,
				640754B416D4010500CEECBC /* InfoPlist.strings */,
				640754B716D4010500CEECBC /* main.m */,
				640754B916D4010500CEECBC /* CarDashboard-Prefix.pch */,
				640754BD16D4010500CEECBC /* Default.png */,
				640754BF16D4010500CEECBC /* Default@2x.png */,
				640754C116D4010500CEECBC /* Default-568h@2x.png */,
			);
			name = "Supporting Files";
			sourceTree = "<group>";
		};
		640754CE16D4098C00CEECBC /* Ressources */ = {
			isa = PBXGroup;
			children = (
				640754CF16D4099500CEECBC /* Images */,
			);
			name = Ressources;
			path = ..;
			sourceTree = "<group>";
		};
		640754CF16D4099500CEECBC /* Images */ = {
			isa = PBXGroup;
			children = (
				640754E316D41EA500CEECBC /* vwLogo_100x.png */,
				640754DA16D40BCE00CEECBC /* icon.png */,
				640754D616D409C900CEECBC /* Default-Landscape~ipad.png */,
				640754D016D4099F00CEECBC /* vwLogo.png */,
				640754D116D4099F00CEECBC /* appBackgroundWithLogo.png */,
				640754D216D4099F00CEECBC /* appBackground.png */,
			);
			name = Images;
			sourceTree = "<group>";
		};
		640754DC16D40DBB00CEECBC /* ViewControllers */ = {
			isa = PBXGroup;
			children = (
				640754DD16D40DCE00CEECBC /* HomeVC.h */,
				640754DE16D40DCE00CEECBC /* HomeVC.m */,
				640754E016D41A8000CEECBC /* MapVC.h */,
				640754E116D41A8000CEECBC /* MapVC.m */,
			);
			name = ViewControllers;
			sourceTree = "<group>";
		};
/* End PBXGroup section */

/* Begin PBXNativeTarget section */
		640754A716D4010500CEECBC /* CarDashboard */ = {
			isa = PBXNativeTarget;
			buildConfigurationList = 640754CB16D4010500CEECBC /* Build configuration list for PBXNativeTarget "CarDashboard" */;
			buildPhases = (
				640754A416D4010500CEECBC /* Sources */,
				640754A516D4010500CEECBC /* Frameworks */,
				640754A616D4010500CEECBC /* Resources */,
			);
			buildRules = (
			);
			dependencies = (
			);
			name = CarDashboard;
			productName = CarDashboard;
			productReference = 640754A816D4010500CEECBC /* CarDashboard.app */;
			productType = "com.apple.product-type.application";
		};
/* End PBXNativeTarget section */

/* Begin PBXProject section */
		640754A016D4010500CEECBC /* Project object */ = {
			isa = PBXProject;
			attributes = {
				LastUpgradeCheck = 0460;
				ORGANIZATIONNAME = "Christoph Pageler";
			};
			buildConfigurationList = 640754A316D4010500CEECBC /* Build configuration list for PBXProject "CarDashboard" */;
			compatibilityVersion = "Xcode 3.2";
			developmentRegion = English;
			hasScannedForEncodings = 0;
			knownRegions = (
				en,
			);
			mainGroup = 6407549F16D4010500CEECBC;
			productRefGroup = 640754A916D4010500CEECBC /* Products */;
			projectDirPath = "";
			projectRoot = "";
			targets = (
				640754A716D4010500CEECBC /* CarDashboard */,
			);
		};
/* End PBXProject section */

/* Begin PBXResourcesBuildPhase section */
		640754A616D4010500CEECBC /* Resources */ = {
			isa = PBXResourcesBuildPhase;
			buildActionMask = 2147483647;
			files = (
				640754B616D4010500CEECBC /* InfoPlist.strings in Resources */,
				640754BE16D4010500CEECBC /* Default.png in Resources */,
				640754C016D4010500CEECBC /* Default@2x.png in Resources */,
				640754C216D4010500CEECBC /* Default-568h@2x.png in Resources */,
				640754C516D4010500CEECBC /* MainStoryboard.storyboard in Resources */,
				640754D316D4099F00CEECBC /* vwLogo.png in Resources */,
				640754D416D4099F00CEECBC /* appBackgroundWithLogo.png in Resources */,
				640754D516D4099F00CEECBC /* appBackground.png in Resources */,
				640754D716D409C900CEECBC /* Default-Landscape~ipad.png in Resources */,
				640754DB16D40BCE00CEECBC /* icon.png in Resources */,
				640754E416D41EA500CEECBC /* vwLogo_100x.png in Resources */,
			);
			runOnlyForDeploymentPostprocessing = 0;
		};
/* End PBXResourcesBuildPhase section */

/* Begin PBXSourcesBuildPhase section */
		640754A416D4010500CEECBC /* Sources */ = {
			isa = PBXSourcesBuildPhase;
			buildActionMask = 2147483647;
			files = (
				640754B816D4010500CEECBC /* main.m in Sources */,
				640754BC16D4010500CEECBC /* AppDelegate.m in Sources */,
				640754DF16D40DCE00CEECBC /* HomeVC.m in Sources */,
				640754E216D41A8000CEECBC /* MapVC.m in Sources */,
			);
			runOnlyForDeploymentPostprocessing = 0;
		};
/* End PBXSourcesBuildPhase section */

/* Begin PBXVariantGroup section */
		640754B416D4010500CEECBC /* InfoPlist.strings */ = {
			isa = PBXVariantGroup;
			children = (
				640754B516D4010500CEECBC /* en */,
			);
			name = InfoPlist.strings;
			sourceTree = "<group>";
		};
		640754C316D4010500CEECBC /* MainStoryboard.storyboard */ = {
			isa = PBXVariantGroup;
			children = (
				640754C416D4010500CEECBC /* en */,
			);
			name = MainStoryboard.storyboard;
			sourceTree = "<group>";
		};
/* End PBXVariantGroup section */

/* Begin XCBuildConfiguration section */
		640754C916D4010500CEECBC /* Debug */ = {
			isa = XCBuildConfiguration;
			buildSettings = {
				ALWAYS_SEARCH_USER_PATHS = NO;
				CLANG_CXX_LANGUAGE_STANDARD = "gnu++0x";
				CLANG_CXX_LIBRARY = "libc++";
				CLANG_ENABLE_OBJC_ARC = YES;
				CLANG_WARN_CONSTANT_CONVERSION = YES;
				CLANG_WARN_EMPTY_BODY = YES;
				CLANG_WARN_ENUM_CONVERSION = YES;
				CLANG_WARN_INT_CONVERSION = YES;
				CLANG_WARN__DUPLICATE_METHOD_MATCH = YES;
				"CODE_SIGN_IDENTITY[sdk=iphoneos*]" = "iPhone Developer";
				COPY_PHASE_STRIP = NO;
				GCC_C_LANGUAGE_STANDARD = gnu99;
				GCC_DYNAMIC_NO_PIC = NO;
				GCC_OPTIMIZATION_LEVEL = 0;
				GCC_PREPROCESSOR_DEFINITIONS = (
					"DEBUG=1",
					"$(inherited)",
				);
				GCC_SYMBOLS_PRIVATE_EXTERN = NO;
				GCC_WARN_ABOUT_RETURN_TYPE = YES;
				GCC_WARN_UNINITIALIZED_AUTOS = YES;
				GCC_WARN_UNUSED_VARIABLE = YES;
				IPHONEOS_DEPLOYMENT_TARGET = 6.1;
				ONLY_ACTIVE_ARCH = YES;
				SDKROOT = iphoneos;
				TARGETED_DEVICE_FAMILY = 2;
			};
			name = Debug;
		};
		640754CA16D4010500CEECBC /* Release */ = {
			isa = XCBuildConfiguration;
			buildSettings = {
				ALWAYS_SEARCH_USER_PATHS = NO;
				CLANG_CXX_LANGUAGE_STANDARD = "gnu++0x";
				CLANG_CXX_LIBRARY = "libc++";
				CLANG_ENABLE_OBJC_ARC = YES;
				CLANG_WARN_CONSTANT_CONVERSION = YES;
				CLANG_WARN_EMPTY_BODY = YES;
				CLANG_WARN_ENUM_CONVERSION = YES;
				CLANG_WARN_INT_CONVERSION = YES;
				CLANG_WARN__DUPLICATE_METHOD_MATCH = YES;
				"CODE_SIGN_IDENTITY[sdk=iphoneos*]" = "iPhone Developer";
				COPY_PHASE_STRIP = YES;
				GCC_C_LANGUAGE_STANDARD = gnu99;
				GCC_WARN_ABOUT_RETURN_TYPE = YES;
				GCC_WARN_UNINITIALIZED_AUTOS = YES;
				GCC_WARN_UNUSED_VARIABLE = YES;
				IPHONEOS_DEPLOYMENT_TARGET = 6.1;
				OTHER_CFLAGS = "-DNS_BLOCK_ASSERTIONS=1";
				SDKROOT = iphoneos;
				TARGETED_DEVICE_FAMILY = 2;
				VALIDATE_PRODUCT = YES;
			};
			name = Release;
		};
		640754CC16D4010500CEECBC /* Debug */ = {
			isa = XCBuildConfiguration;
			buildSettings = {
				GCC_PRECOMPILE_PREFIX_HEADER = YES;
				GCC_PREFIX_HEADER = "CarDashboard/CarDashboard-Prefix.pch";
				INFOPLIST_FILE = "CarDashboard/CarDashboard-Info.plist";
				PRODUCT_NAME = "$(TARGET_NAME)";
				WRAPPER_EXTENSION = app;
			};
			name = Debug;
		};
		640754CD16D4010500CEECBC /* Release */ = {
			isa = XCBuildConfiguration;
			buildSettings = {
				GCC_PRECOMPILE_PREFIX_HEADER = YES;
				GCC_PREFIX_HEADER = "CarDashboard/CarDashboard-Prefix.pch";
				INFOPLIST_FILE = "CarDashboard/CarDashboard-Info.plist";
				PRODUCT_NAME = "$(TARGET_NAME)";
				WRAPPER_EXTENSION = app;
			};
			name = Release;
		};
/* End XCBuildConfiguration section */

/* Begin XCConfigurationList section */
		640754A316D4010500CEECBC /* Build configuration list for PBXProject "CarDashboard" */ = {
			isa = XCConfigurationList;
			buildConfigurations = (
				640754C916D4010500CEECBC /* Debug */,
				640754CA16D4010500CEECBC /* Release */,
			);
			defaultConfigurationIsVisible = 0;
			defaultConfigurationName = Release;
		};
		640754CB16D4010500CEECBC /* Build configuration list for PBXNativeTarget "CarDashboard" */ = {
			isa = XCConfigurationList;
			buildConfigurations = (
				640754CC16D4010500CEECBC /* Debug */,
				640754CD16D4010500CEECBC /* Release */,
			);
			defaultConfigurationIsVisible = 0;
		};
/* End XCConfigurationList section */
	};
	rootObject = 640754A016D4010500CEECBC /* Project object */;
}
